
Microsoft Visual Studio Solution File, Format Version 12.00
# Visual Studio Version 17
VisualStudioVersion = 17.5.33627.172
MinimumVisualStudioVersion = 10.0.40219.1
Project("{888888A0-9F3D-457C-B088-3A5042F75D52}") = "CIS261", "CIS261.pyproj", "{898E1D36-28D5-49D1-9EDE-311ACA2C61CC}"
EndProject
Global
	GlobalSection(SolutionConfigurationPlatforms) = preSolution
		Debug|Any CPU = Debug|Any CPU
		Release|Any CPU = Release|Any CPU
	EndGlobalSection
	GlobalSection(ProjectConfigurationPlatforms) = postSolution
		{898E1D36-28D5-49D1-9EDE-311ACA2C61CC}.Debug|Any CPU.ActiveCfg = Debug|Any CPU
		{898E1D36-28D5-49D1-9EDE-311ACA2C61CC}.Release|Any CPU.ActiveCfg = Release|Any CPU
	EndGlobalSection
	GlobalSection(SolutionProperties) = preSolution
		HideSolutionNode = FALSE
	EndGlobalSection
	GlobalSection(ExtensibilityGlobals) = postSolution
		SolutionGuid = {84DA24B6-AEC9-4ABC-B3DD-2F689D2B1BAE}
	EndGlobalSection
EndGlobal
